// !$*UTF8*$!
{
	archiveVersion = 1;
	classes = {
	};
	objectVersion = 48;
	objects = {

/* Begin PBXBuildFile section */
		1401C33ED184F0F9401CF874 /* Pods_Netweek.framework in Frameworks */ = {isa = PBXBuildFile; fileRef = C0BC49DD06E27638C2E4434E /* Pods_Netweek.framework */; };
		2035D73E645358A85D40E127 /* Pods_NetweekTests.framework in Frameworks */ = {isa = PBXBuildFile; fileRef = 6F5E61FD89EDDC24CE9920A0 /* Pods_NetweekTests.framework */; };
		2B0F5BBF209BD23700154317 /* Building.swift in Sources */ = {isa = PBXBuildFile; fileRef = 2B0F5BBE209BD23700154317 /* Building.swift */; };
		2B0F5BC1209BD29100154317 /* Floor.swift in Sources */ = {isa = PBXBuildFile; fileRef = 2B0F5BC0209BD29100154317 /* Floor.swift */; };
		2B0F5BC3209BD2E200154317 /* Room.swift in Sources */ = {isa = PBXBuildFile; fileRef = 2B0F5BC2209BD2E200154317 /* Room.swift */; };
		2B0F5BC5209BD2EC00154317 /* Student.swift in Sources */ = {isa = PBXBuildFile; fileRef = 2B0F5BC4209BD2EC00154317 /* Student.swift */; };
		2BA31EC9209A582B00B2CC87 /* AppDelegate.swift in Sources */ = {isa = PBXBuildFile; fileRef = 2BA31EC8209A582B00B2CC87 /* AppDelegate.swift */; };
		2BA31ECB209A582B00B2CC87 /* ViewController.swift in Sources */ = {isa = PBXBuildFile; fileRef = 2BA31ECA209A582B00B2CC87 /* ViewController.swift */; };
		2BA31ECE209A582B00B2CC87 /* Main.storyboard in Resources */ = {isa = PBXBuildFile; fileRef = 2BA31ECC209A582B00B2CC87 /* Main.storyboard */; };
		2BA31ED1209A582B00B2CC87 /* Netweek.xcdatamodeld in Sources */ = {isa = PBXBuildFile; fileRef = 2BA31ECF209A582B00B2CC87 /* Netweek.xcdatamodeld */; };
		2BA31ED3209A582B00B2CC87 /* Assets.xcassets in Resources */ = {isa = PBXBuildFile; fileRef = 2BA31ED2209A582B00B2CC87 /* Assets.xcassets */; };
		2BA31ED6209A582B00B2CC87 /* LaunchScreen.storyboard in Resources */ = {isa = PBXBuildFile; fileRef = 2BA31ED4209A582B00B2CC87 /* LaunchScreen.storyboard */; };
		2BA31EE1209A582C00B2CC87 /* NetweekTests.swift in Sources */ = {isa = PBXBuildFile; fileRef = 2BA31EE0209A582C00B2CC87 /* NetweekTests.swift */; };
		2BA31EEC209A582C00B2CC87 /* NetweekUITests.swift in Sources */ = {isa = PBXBuildFile; fileRef = 2BA31EEB209A582C00B2CC87 /* NetweekUITests.swift */; };
		2BE70A16209BBF2A00CA888E /* GoogleService-Info.plist in Resources */ = {isa = PBXBuildFile; fileRef = 2BE70A15209BBF2900CA888E /* GoogleService-Info.plist */; };
		4CF83DB9209B9D9200D8FE1E /* BuildingTableViewController.swift in Sources */ = {isa = PBXBuildFile; fileRef = 4CF83DB8209B9D9200D8FE1E /* BuildingTableViewController.swift */; };
		4CF83DBB209B9DA200D8FE1E /* FloorTableViewController.swift in Sources */ = {isa = PBXBuildFile; fileRef = 4CF83DBA209B9DA200D8FE1E /* FloorTableViewController.swift */; };
		4CF83DBD209B9DC300D8FE1E /* RoomTableViewController.swift in Sources */ = {isa = PBXBuildFile; fileRef = 4CF83DBC209B9DC300D8FE1E /* RoomTableViewController.swift */; };
		4CF83DBF209B9DD500D8FE1E /* StudentTableViewController.swift in Sources */ = {isa = PBXBuildFile; fileRef = 4CF83DBE209B9DD500D8FE1E /* StudentTableViewController.swift */; };
		4CF83DC1209B9DE400D8FE1E /* StudentOptionsTableViewController.swift in Sources */ = {isa = PBXBuildFile; fileRef = 4CF83DC0209B9DE400D8FE1E /* StudentOptionsTableViewController.swift */; };
		A36137F4488587EE05BD3F63 /* Pods_NetweekUITests.framework in Frameworks */ = {isa = PBXBuildFile; fileRef = DC9D49669572C4CB2B4A7723 /* Pods_NetweekUITests.framework */; };
/* End PBXBuildFile section */

/* Begin PBXContainerItemProxy section */
		2BA31EDD209A582B00B2CC87 /* PBXContainerItemProxy */ = {
			isa = PBXContainerItemProxy;
			containerPortal = 2BA31EBD209A582B00B2CC87 /* Project object */;
			proxyType = 1;
			remoteGlobalIDString = 2BA31EC4209A582B00B2CC87;
			remoteInfo = Netweek;
		};
		2BA31EE8209A582C00B2CC87 /* PBXContainerItemProxy */ = {
			isa = PBXContainerItemProxy;
			containerPortal = 2BA31EBD209A582B00B2CC87 /* Project object */;
			proxyType = 1;
			remoteGlobalIDString = 2BA31EC4209A582B00B2CC87;
			remoteInfo = Netweek;
		};
/* End PBXContainerItemProxy section */

/* Begin PBXFileReference section */
		285047BE95480DFD90AD2CCD /* Pods-NetweekUITests.debug.xcconfig */ = {isa = PBXFileReference; includeInIndex = 1; lastKnownFileType = text.xcconfig; name = "Pods-NetweekUITests.debug.xcconfig"; path = "Pods/Target Support Files/Pods-NetweekUITests/Pods-NetweekUITests.debug.xcconfig"; sourceTree = "<group>"; };
		2B0F5BBE209BD23700154317 /* Building.swift */ = {isa = PBXFileReference; lastKnownFileType = sourcecode.swift; path = Building.swift; sourceTree = "<group>"; };
		2B0F5BC0209BD29100154317 /* Floor.swift */ = {isa = PBXFileReference; lastKnownFileType = sourcecode.swift; path = Floor.swift; sourceTree = "<group>"; };
		2B0F5BC2209BD2E200154317 /* Room.swift */ = {isa = PBXFileReference; lastKnownFileType = sourcecode.swift; path = Room.swift; sourceTree = "<group>"; };
		2B0F5BC4209BD2EC00154317 /* Student.swift */ = {isa = PBXFileReference; lastKnownFileType = sourcecode.swift; path = Student.swift; sourceTree = "<group>"; };
		2BA31EC5209A582B00B2CC87 /* Netweek.app */ = {isa = PBXFileReference; explicitFileType = wrapper.application; includeInIndex = 0; path = Netweek.app; sourceTree = BUILT_PRODUCTS_DIR; };
		2BA31EC8209A582B00B2CC87 /* AppDelegate.swift */ = {isa = PBXFileReference; lastKnownFileType = sourcecode.swift; path = AppDelegate.swift; sourceTree = "<group>"; };
		2BA31ECA209A582B00B2CC87 /* ViewController.swift */ = {isa = PBXFileReference; lastKnownFileType = sourcecode.swift; path = ViewController.swift; sourceTree = "<group>"; };
		2BA31ECD209A582B00B2CC87 /* Base */ = {isa = PBXFileReference; lastKnownFileType = file.storyboard; name = Base; path = Base.lproj/Main.storyboard; sourceTree = "<group>"; };
		2BA31ED0209A582B00B2CC87 /* Netweek.xcdatamodel */ = {isa = PBXFileReference; lastKnownFileType = wrapper.xcdatamodel; path = Netweek.xcdatamodel; sourceTree = "<group>"; };
		2BA31ED2209A582B00B2CC87 /* Assets.xcassets */ = {isa = PBXFileReference; lastKnownFileType = folder.assetcatalog; path = Assets.xcassets; sourceTree = "<group>"; };
		2BA31ED5209A582B00B2CC87 /* Base */ = {isa = PBXFileReference; lastKnownFileType = file.storyboard; name = Base; path = Base.lproj/LaunchScreen.storyboard; sourceTree = "<group>"; };
		2BA31ED7209A582B00B2CC87 /* Info.plist */ = {isa = PBXFileReference; lastKnownFileType = text.plist.xml; path = Info.plist; sourceTree = "<group>"; };
		2BA31EDC209A582B00B2CC87 /* NetweekTests.xctest */ = {isa = PBXFileReference; explicitFileType = wrapper.cfbundle; includeInIndex = 0; path = NetweekTests.xctest; sourceTree = BUILT_PRODUCTS_DIR; };
		2BA31EE0209A582C00B2CC87 /* NetweekTests.swift */ = {isa = PBXFileReference; lastKnownFileType = sourcecode.swift; path = NetweekTests.swift; sourceTree = "<group>"; };
		2BA31EE2209A582C00B2CC87 /* Info.plist */ = {isa = PBXFileReference; lastKnownFileType = text.plist.xml; path = Info.plist; sourceTree = "<group>"; };
		2BA31EE7209A582C00B2CC87 /* NetweekUITests.xctest */ = {isa = PBXFileReference; explicitFileType = wrapper.cfbundle; includeInIndex = 0; path = NetweekUITests.xctest; sourceTree = BUILT_PRODUCTS_DIR; };
		2BA31EEB209A582C00B2CC87 /* NetweekUITests.swift */ = {isa = PBXFileReference; lastKnownFileType = sourcecode.swift; path = NetweekUITests.swift; sourceTree = "<group>"; };
		2BA31EED209A582C00B2CC87 /* Info.plist */ = {isa = PBXFileReference; lastKnownFileType = text.plist.xml; path = Info.plist; sourceTree = "<group>"; };
		2BE70A15209BBF2900CA888E /* GoogleService-Info.plist */ = {isa = PBXFileReference; fileEncoding = 4; lastKnownFileType = text.plist.xml; path = "GoogleService-Info.plist"; sourceTree = "<group>"; };
		39F1506982D79519990B0D2D /* Pods-NetweekTests.debug.xcconfig */ = {isa = PBXFileReference; includeInIndex = 1; lastKnownFileType = text.xcconfig; name = "Pods-NetweekTests.debug.xcconfig"; path = "Pods/Target Support Files/Pods-NetweekTests/Pods-NetweekTests.debug.xcconfig"; sourceTree = "<group>"; };
		49F403CAB193149C08CEE1E5 /* Pods-NetweekTests.release.xcconfig */ = {isa = PBXFileReference; includeInIndex = 1; lastKnownFileType = text.xcconfig; name = "Pods-NetweekTests.release.xcconfig"; path = "Pods/Target Support Files/Pods-NetweekTests/Pods-NetweekTests.release.xcconfig"; sourceTree = "<group>"; };
		4CF83DB8209B9D9200D8FE1E /* BuildingTableViewController.swift */ = {isa = PBXFileReference; lastKnownFileType = sourcecode.swift; path = BuildingTableViewController.swift; sourceTree = "<group>"; };
		4CF83DBA209B9DA200D8FE1E /* FloorTableViewController.swift */ = {isa = PBXFileReference; lastKnownFileType = sourcecode.swift; path = FloorTableViewController.swift; sourceTree = "<group>"; };
		4CF83DBC209B9DC300D8FE1E /* RoomTableViewController.swift */ = {isa = PBXFileReference; lastKnownFileType = sourcecode.swift; path = RoomTableViewController.swift; sourceTree = "<group>"; };
		4CF83DBE209B9DD500D8FE1E /* StudentTableViewController.swift */ = {isa = PBXFileReference; lastKnownFileType = sourcecode.swift; path = StudentTableViewController.swift; sourceTree = "<group>"; };
		4CF83DC0209B9DE400D8FE1E /* StudentOptionsTableViewController.swift */ = {isa = PBXFileReference; lastKnownFileType = sourcecode.swift; path = StudentOptionsTableViewController.swift; sourceTree = "<group>"; };
		6F5E61FD89EDDC24CE9920A0 /* Pods_NetweekTests.framework */ = {isa = PBXFileReference; explicitFileType = wrapper.framework; includeInIndex = 0; path = Pods_NetweekTests.framework; sourceTree = BUILT_PRODUCTS_DIR; };
		7071F3C6441751F34B66BD96 /* Pods-NetweekUITests.release.xcconfig */ = {isa = PBXFileReference; includeInIndex = 1; lastKnownFileType = text.xcconfig; name = "Pods-NetweekUITests.release.xcconfig"; path = "Pods/Target Support Files/Pods-NetweekUITests/Pods-NetweekUITests.release.xcconfig"; sourceTree = "<group>"; };
		B15806618C6880C386EACAB9 /* Pods-Netweek.debug.xcconfig */ = {isa = PBXFileReference; includeInIndex = 1; lastKnownFileType = text.xcconfig; name = "Pods-Netweek.debug.xcconfig"; path = "Pods/Target Support Files/Pods-Netweek/Pods-Netweek.debug.xcconfig"; sourceTree = "<group>"; };
		C0BC49DD06E27638C2E4434E /* Pods_Netweek.framework */ = {isa = PBXFileReference; explicitFileType = wrapper.framework; includeInIndex = 0; path = Pods_Netweek.framework; sourceTree = BUILT_PRODUCTS_DIR; };
		DAE6C223758502B006AD5540 /* Pods-Netweek.release.xcconfig */ = {isa = PBXFileReference; includeInIndex = 1; lastKnownFileType = text.xcconfig; name = "Pods-Netweek.release.xcconfig"; path = "Pods/Target Support Files/Pods-Netweek/Pods-Netweek.release.xcconfig"; sourceTree = "<group>"; };
		DC9D49669572C4CB2B4A7723 /* Pods_NetweekUITests.framework */ = {isa = PBXFileReference; explicitFileType = wrapper.framework; includeInIndex = 0; path = Pods_NetweekUITests.framework; sourceTree = BUILT_PRODUCTS_DIR; };
/* End PBXFileReference section */

/* Begin PBXFrameworksBuildPhase section */
		2BA31EC2209A582B00B2CC87 /* Frameworks */ = {
			isa = PBXFrameworksBuildPhase;
			buildActionMask = 2147483647;
			files = (
				1401C33ED184F0F9401CF874 /* Pods_Netweek.framework in Frameworks */,
			);
			runOnlyForDeploymentPostprocessing = 0;
		};
		2BA31ED9209A582B00B2CC87 /* Frameworks */ = {
			isa = PBXFrameworksBuildPhase;
			buildActionMask = 2147483647;
			files = (
				2035D73E645358A85D40E127 /* Pods_NetweekTests.framework in Frameworks */,
			);
			runOnlyForDeploymentPostprocessing = 0;
		};
		2BA31EE4209A582C00B2CC87 /* Frameworks */ = {
			isa = PBXFrameworksBuildPhase;
			buildActionMask = 2147483647;
			files = (
				A36137F4488587EE05BD3F63 /* Pods_NetweekUITests.framework in Frameworks */,
			);
			runOnlyForDeploymentPostprocessing = 0;
		};
/* End PBXFrameworksBuildPhase section */

/* Begin PBXGroup section */
		2BA31EBC209A582B00B2CC87 = {
			isa = PBXGroup;
			children = (
				2BA31EC7209A582B00B2CC87 /* Netweek */,
				2BA31EDF209A582C00B2CC87 /* NetweekTests */,
				2BA31EEA209A582C00B2CC87 /* NetweekUITests */,
				2BA31EC6209A582B00B2CC87 /* Products */,
				FC3397E15C4CB1B949A1A05B /* Pods */,
				52B3D781C8FB5C839F22F0CB /* Frameworks */,
			);
			sourceTree = "<group>";
		};
		2BA31EC6209A582B00B2CC87 /* Products */ = {
			isa = PBXGroup;
			children = (
				2BA31EC5209A582B00B2CC87 /* Netweek.app */,
				2BA31EDC209A582B00B2CC87 /* NetweekTests.xctest */,
				2BA31EE7209A582C00B2CC87 /* NetweekUITests.xctest */,
			);
			name = Products;
			sourceTree = "<group>";
		};
		2BA31EC7209A582B00B2CC87 /* Netweek */ = {
			isa = PBXGroup;
			children = (
				2BA31EC8209A582B00B2CC87 /* AppDelegate.swift */,
				2BA31ECA209A582B00B2CC87 /* ViewController.swift */,
				2BA31ECC209A582B00B2CC87 /* Main.storyboard */,
				4CF83DB8209B9D9200D8FE1E /* BuildingTableViewController.swift */,
				4CF83DBA209B9DA200D8FE1E /* FloorTableViewController.swift */,
				4CF83DBC209B9DC300D8FE1E /* RoomTableViewController.swift */,
				4CF83DBE209B9DD500D8FE1E /* StudentTableViewController.swift */,
				4CF83DC0209B9DE400D8FE1E /* StudentOptionsTableViewController.swift */,
				2BA31ED2209A582B00B2CC87 /* Assets.xcassets */,
				2BA31ED4209A582B00B2CC87 /* LaunchScreen.storyboard */,
				2BA31ED7209A582B00B2CC87 /* Info.plist */,
				2BE70A15209BBF2900CA888E /* GoogleService-Info.plist */,
				2BA31ECF209A582B00B2CC87 /* Netweek.xcdatamodeld */,
				2B0F5BBE209BD23700154317 /* Building.swift */,
				2B0F5BC0209BD29100154317 /* Floor.swift */,
				2B0F5BC2209BD2E200154317 /* Room.swift */,
				2B0F5BC4209BD2EC00154317 /* Student.swift */,
			);
			path = Netweek;
			sourceTree = "<group>";
		};
		2BA31EDF209A582C00B2CC87 /* NetweekTests */ = {
			isa = PBXGroup;
			children = (
				2BA31EE0209A582C00B2CC87 /* NetweekTests.swift */,
				2BA31EE2209A582C00B2CC87 /* Info.plist */,
			);
			path = NetweekTests;
			sourceTree = "<group>";
		};
		2BA31EEA209A582C00B2CC87 /* NetweekUITests */ = {
			isa = PBXGroup;
			children = (
				2BA31EEB209A582C00B2CC87 /* NetweekUITests.swift */,
				2BA31EED209A582C00B2CC87 /* Info.plist */,
			);
			path = NetweekUITests;
			sourceTree = "<group>";
		};
		52B3D781C8FB5C839F22F0CB /* Frameworks */ = {
			isa = PBXGroup;
			children = (
				C0BC49DD06E27638C2E4434E /* Pods_Netweek.framework */,
				6F5E61FD89EDDC24CE9920A0 /* Pods_NetweekTests.framework */,
				DC9D49669572C4CB2B4A7723 /* Pods_NetweekUITests.framework */,
			);
			name = Frameworks;
			sourceTree = "<group>";
		};
		FC3397E15C4CB1B949A1A05B /* Pods */ = {
			isa = PBXGroup;
			children = (
				B15806618C6880C386EACAB9 /* Pods-Netweek.debug.xcconfig */,
				DAE6C223758502B006AD5540 /* Pods-Netweek.release.xcconfig */,
				39F1506982D79519990B0D2D /* Pods-NetweekTests.debug.xcconfig */,
				49F403CAB193149C08CEE1E5 /* Pods-NetweekTests.release.xcconfig */,
				285047BE95480DFD90AD2CCD /* Pods-NetweekUITests.debug.xcconfig */,
				7071F3C6441751F34B66BD96 /* Pods-NetweekUITests.release.xcconfig */,
			);
			name = Pods;
			sourceTree = "<group>";
		};
/* End PBXGroup section */

/* Begin PBXNativeTarget section */
		2BA31EC4209A582B00B2CC87 /* Netweek */ = {
			isa = PBXNativeTarget;
			buildConfigurationList = 2BA31EF0209A582C00B2CC87 /* Build configuration list for PBXNativeTarget "Netweek" */;
			buildPhases = (
				3C7144EA2C031F57AAA21E64 /* [CP] Check Pods Manifest.lock */,
				2BA31EC1209A582B00B2CC87 /* Sources */,
				2BA31EC2209A582B00B2CC87 /* Frameworks */,
				2BA31EC3209A582B00B2CC87 /* Resources */,
				B93268868F3BDFFAB7955A5D /* [CP] Embed Pods Frameworks */,
				29924F7BA20089EE0A0E9625 /* [CP] Copy Pods Resources */,
			);
			buildRules = (
			);
			dependencies = (
			);
			name = Netweek;
			productName = Netweek;
			productReference = 2BA31EC5209A582B00B2CC87 /* Netweek.app */;
			productType = "com.apple.product-type.application";
		};
		2BA31EDB209A582B00B2CC87 /* NetweekTests */ = {
			isa = PBXNativeTarget;
			buildConfigurationList = 2BA31EF3209A582C00B2CC87 /* Build configuration list for PBXNativeTarget "NetweekTests" */;
			buildPhases = (
				04F2C99FB95CC33F6868FF25 /* [CP] Check Pods Manifest.lock */,
				2BA31ED8209A582B00B2CC87 /* Sources */,
				2BA31ED9209A582B00B2CC87 /* Frameworks */,
				2BA31EDA209A582B00B2CC87 /* Resources */,
				C19300F448CD2672E8BEBC98 /* [CP] Embed Pods Frameworks */,
				85AD45C7CA96CEC0EB714EEE /* [CP] Copy Pods Resources */,
			);
			buildRules = (
			);
			dependencies = (
				2BA31EDE209A582B00B2CC87 /* PBXTargetDependency */,
			);
			name = NetweekTests;
			productName = NetweekTests;
			productReference = 2BA31EDC209A582B00B2CC87 /* NetweekTests.xctest */;
			productType = "com.apple.product-type.bundle.unit-test";
		};
		2BA31EE6209A582C00B2CC87 /* NetweekUITests */ = {
			isa = PBXNativeTarget;
			buildConfigurationList = 2BA31EF6209A582C00B2CC87 /* Build configuration list for PBXNativeTarget "NetweekUITests" */;
			buildPhases = (
				8E32E607B4D2640C06A4D441 /* [CP] Check Pods Manifest.lock */,
				2BA31EE3209A582C00B2CC87 /* Sources */,
				2BA31EE4209A582C00B2CC87 /* Frameworks */,
				2BA31EE5209A582C00B2CC87 /* Resources */,
				E6A85D5C57C92B9A7AA16899 /* [CP] Embed Pods Frameworks */,
				CD64810AD27597BB408F9143 /* [CP] Copy Pods Resources */,
			);
			buildRules = (
			);
			dependencies = (
				2BA31EE9209A582C00B2CC87 /* PBXTargetDependency */,
			);
			name = NetweekUITests;
			productName = NetweekUITests;
			productReference = 2BA31EE7209A582C00B2CC87 /* NetweekUITests.xctest */;
			productType = "com.apple.product-type.bundle.ui-testing";
		};
/* End PBXNativeTarget section */

/* Begin PBXProject section */
		2BA31EBD209A582B00B2CC87 /* Project object */ = {
			isa = PBXProject;
			attributes = {
				LastSwiftUpdateCheck = 0920;
				LastUpgradeCheck = 0920;
				ORGANIZATIONNAME = "University of San Diego";
				TargetAttributes = {
					2BA31EC4209A582B00B2CC87 = {
						CreatedOnToolsVersion = 9.2;
						ProvisioningStyle = Automatic;
					};
					2BA31EDB209A582B00B2CC87 = {
						CreatedOnToolsVersion = 9.2;
						ProvisioningStyle = Automatic;
						TestTargetID = 2BA31EC4209A582B00B2CC87;
					};
					2BA31EE6209A582C00B2CC87 = {
						CreatedOnToolsVersion = 9.2;
						ProvisioningStyle = Automatic;
						TestTargetID = 2BA31EC4209A582B00B2CC87;
					};
				};
			};
			buildConfigurationList = 2BA31EC0209A582B00B2CC87 /* Build configuration list for PBXProject "Netweek" */;
			compatibilityVersion = "Xcode 8.0";
			developmentRegion = en;
			hasScannedForEncodings = 0;
			knownRegions = (
				en,
				Base,
			);
			mainGroup = 2BA31EBC209A582B00B2CC87;
			productRefGroup = 2BA31EC6209A582B00B2CC87 /* Products */;
			projectDirPath = "";
			projectRoot = "";
			targets = (
				2BA31EC4209A582B00B2CC87 /* Netweek */,
				2BA31EDB209A582B00B2CC87 /* NetweekTests */,
				2BA31EE6209A582C00B2CC87 /* NetweekUITests */,
			);
		};
/* End PBXProject section */

/* Begin PBXResourcesBuildPhase section */
		2BA31EC3209A582B00B2CC87 /* Resources */ = {
			isa = PBXResourcesBuildPhase;
			buildActionMask = 2147483647;
			files = (
				2BA31ED6209A582B00B2CC87 /* LaunchScreen.storyboard in Resources */,
				2BE70A16209BBF2A00CA888E /* GoogleService-Info.plist in Resources */,
				2BA31ED3209A582B00B2CC87 /* Assets.xcassets in Resources */,
				2BA31ECE209A582B00B2CC87 /* Main.storyboard in Resources */,
			);
			runOnlyForDeploymentPostprocessing = 0;
		};
		2BA31EDA209A582B00B2CC87 /* Resources */ = {
			isa = PBXResourcesBuildPhase;
			buildActionMask = 2147483647;
			files = (
			);
			runOnlyForDeploymentPostprocessing = 0;
		};
		2BA31EE5209A582C00B2CC87 /* Resources */ = {
			isa = PBXResourcesBuildPhase;
			buildActionMask = 2147483647;
			files = (
			);
			runOnlyForDeploymentPostprocessing = 0;
		};
/* End PBXResourcesBuildPhase section */

/* Begin PBXShellScriptBuildPhase section */
		04F2C99FB95CC33F6868FF25 /* [CP] Check Pods Manifest.lock */ = {
			isa = PBXShellScriptBuildPhase;
			buildActionMask = 2147483647;
			files = (
			);
			inputPaths = (
				"${PODS_PODFILE_DIR_PATH}/Podfile.lock",
				"${PODS_ROOT}/Manifest.lock",
			);
			name = "[CP] Check Pods Manifest.lock";
			outputPaths = (
				"$(DERIVED_FILE_DIR)/Pods-NetweekTests-checkManifestLockResult.txt",
			);
			runOnlyForDeploymentPostprocessing = 0;
			shellPath = /bin/sh;
			shellScript = "diff \"${PODS_PODFILE_DIR_PATH}/Podfile.lock\" \"${PODS_ROOT}/Manifest.lock\" > /dev/null\nif [ $? != 0 ] ; then\n    # print error to STDERR\n    echo \"error: The sandbox is not in sync with the Podfile.lock. Run 'pod install' or update your CocoaPods installation.\" >&2\n    exit 1\nfi\n# This output is used by Xcode 'outputs' to avoid re-running this script phase.\necho \"SUCCESS\" > \"${SCRIPT_OUTPUT_FILE_0}\"\n";
			showEnvVarsInLog = 0;
		};
		29924F7BA20089EE0A0E9625 /* [CP] Copy Pods Resources */ = {
			isa = PBXShellScriptBuildPhase;
			buildActionMask = 2147483647;
			files = (
			);
			inputPaths = (
			);
			name = "[CP] Copy Pods Resources";
			outputPaths = (
			);
			runOnlyForDeploymentPostprocessing = 0;
			shellPath = /bin/sh;
			shellScript = "\"${SRCROOT}/Pods/Target Support Files/Pods-Netweek/Pods-Netweek-resources.sh\"\n";
			showEnvVarsInLog = 0;
		};
		3C7144EA2C031F57AAA21E64 /* [CP] Check Pods Manifest.lock */ = {
			isa = PBXShellScriptBuildPhase;
			buildActionMask = 2147483647;
			files = (
			);
			inputPaths = (
				"${PODS_PODFILE_DIR_PATH}/Podfile.lock",
				"${PODS_ROOT}/Manifest.lock",
			);
			name = "[CP] Check Pods Manifest.lock";
			outputPaths = (
				"$(DERIVED_FILE_DIR)/Pods-Netweek-checkManifestLockResult.txt",
			);
			runOnlyForDeploymentPostprocessing = 0;
			shellPath = /bin/sh;
			shellScript = "diff \"${PODS_PODFILE_DIR_PATH}/Podfile.lock\" \"${PODS_ROOT}/Manifest.lock\" > /dev/null\nif [ $? != 0 ] ; then\n    # print error to STDERR\n    echo \"error: The sandbox is not in sync with the Podfile.lock. Run 'pod install' or update your CocoaPods installation.\" >&2\n    exit 1\nfi\n# This output is used by Xcode 'outputs' to avoid re-running this script phase.\necho \"SUCCESS\" > \"${SCRIPT_OUTPUT_FILE_0}\"\n";
			showEnvVarsInLog = 0;
		};
		85AD45C7CA96CEC0EB714EEE /* [CP] Copy Pods Resources */ = {
			isa = PBXShellScriptBuildPhase;
			buildActionMask = 2147483647;
			files = (
			);
			inputPaths = (
			);
			name = "[CP] Copy Pods Resources";
			outputPaths = (
			);
			runOnlyForDeploymentPostprocessing = 0;
			shellPath = /bin/sh;
			shellScript = "\"${SRCROOT}/Pods/Target Support Files/Pods-NetweekTests/Pods-NetweekTests-resources.sh\"\n";
			showEnvVarsInLog = 0;
		};
		8E32E607B4D2640C06A4D441 /* [CP] Check Pods Manifest.lock */ = {
			isa = PBXShellScriptBuildPhase;
			buildActionMask = 2147483647;
			files = (
			);
			inputPaths = (
				"${PODS_PODFILE_DIR_PATH}/Podfile.lock",
				"${PODS_ROOT}/Manifest.lock",
			);
			name = "[CP] Check Pods Manifest.lock";
			outputPaths = (
				"$(DERIVED_FILE_DIR)/Pods-NetweekUITests-checkManifestLockResult.txt",
			);
			runOnlyForDeploymentPostprocessing = 0;
			shellPath = /bin/sh;
			shellScript = "diff \"${PODS_PODFILE_DIR_PATH}/Podfile.lock\" \"${PODS_ROOT}/Manifest.lock\" > /dev/null\nif [ $? != 0 ] ; then\n    # print error to STDERR\n    echo \"error: The sandbox is not in sync with the Podfile.lock. Run 'pod install' or update your CocoaPods installation.\" >&2\n    exit 1\nfi\n# This output is used by Xcode 'outputs' to avoid re-running this script phase.\necho \"SUCCESS\" > \"${SCRIPT_OUTPUT_FILE_0}\"\n";
			showEnvVarsInLog = 0;
		};
		B93268868F3BDFFAB7955A5D /* [CP] Embed Pods Frameworks */ = {
			isa = PBXShellScriptBuildPhase;
			buildActionMask = 2147483647;
			files = (
			);
			inputPaths = (
				"${SRCROOT}/Pods/Target Support Files/Pods-Netweek/Pods-Netweek-frameworks.sh",
				"${BUILT_PRODUCTS_DIR}/GTMSessionFetcher/GTMSessionFetcher.framework",
				"${BUILT_PRODUCTS_DIR}/GoogleToolboxForMac/GoogleToolboxForMac.framework",
				"${BUILT_PRODUCTS_DIR}/SVProgressHUD/SVProgressHUD.framework",
				"${BUILT_PRODUCTS_DIR}/leveldb-library/leveldb.framework",
				"${BUILT_PRODUCTS_DIR}/nanopb/nanopb.framework",
			);
			name = "[CP] Embed Pods Frameworks";
			outputPaths = (
				"${TARGET_BUILD_DIR}/${FRAMEWORKS_FOLDER_PATH}/GTMSessionFetcher.framework",
				"${TARGET_BUILD_DIR}/${FRAMEWORKS_FOLDER_PATH}/GoogleToolboxForMac.framework",
				"${TARGET_BUILD_DIR}/${FRAMEWORKS_FOLDER_PATH}/SVProgressHUD.framework",
				"${TARGET_BUILD_DIR}/${FRAMEWORKS_FOLDER_PATH}/leveldb.framework",
				"${TARGET_BUILD_DIR}/${FRAMEWORKS_FOLDER_PATH}/nanopb.framework",
			);
			runOnlyForDeploymentPostprocessing = 0;
			shellPath = /bin/sh;
			shellScript = "\"${SRCROOT}/Pods/Target Support Files/Pods-Netweek/Pods-Netweek-frameworks.sh\"\n";
			showEnvVarsInLog = 0;
		};
		C19300F448CD2672E8BEBC98 /* [CP] Embed Pods Frameworks */ = {
			isa = PBXShellScriptBuildPhase;
			buildActionMask = 2147483647;
			files = (
			);
			inputPaths = (
			);
			name = "[CP] Embed Pods Frameworks";
			outputPaths = (
			);
			runOnlyForDeploymentPostprocessing = 0;
			shellPath = /bin/sh;
			shellScript = "\"${SRCROOT}/Pods/Target Support Files/Pods-NetweekTests/Pods-NetweekTests-frameworks.sh\"\n";
			showEnvVarsInLog = 0;
		};
		CD64810AD27597BB408F9143 /* [CP] Copy Pods Resources */ = {
			isa = PBXShellScriptBuildPhase;
			buildActionMask = 2147483647;
			files = (
			);
			inputPaths = (
			);
			name = "[CP] Copy Pods Resources";
			outputPaths = (
			);
			runOnlyForDeploymentPostprocessing = 0;
			shellPath = /bin/sh;
			shellScript = "\"${SRCROOT}/Pods/Target Support Files/Pods-NetweekUITests/Pods-NetweekUITests-resources.sh\"\n";
			showEnvVarsInLog = 0;
		};
		E6A85D5C57C92B9A7AA16899 /* [CP] Embed Pods Frameworks */ = {
			isa = PBXShellScriptBuildPhase;
			buildActionMask = 2147483647;
			files = (
			);
			inputPaths = (
			);
			name = "[CP] Embed Pods Frameworks";
			outputPaths = (
			);
			runOnlyForDeploymentPostprocessing = 0;
			shellPath = /bin/sh;
			shellScript = "\"${SRCROOT}/Pods/Target Support Files/Pods-NetweekUITests/Pods-NetweekUITests-frameworks.sh\"\n";
			showEnvVarsInLog = 0;
		};
/* End PBXShellScriptBuildPhase section */

/* Begin PBXSourcesBuildPhase section */
		2BA31EC1209A582B00B2CC87 /* Sources */ = {
			isa = PBXSourcesBuildPhase;
			buildActionMask = 2147483647;
			files = (
				4CF83DBD209B9DC300D8FE1E /* RoomTableViewController.swift in Sources */,
				2B0F5BBF209BD23700154317 /* Building.swift in Sources */,
				2B0F5BC1209BD29100154317 /* Floor.swift in Sources */,
				4CF83DBF209B9DD500D8FE1E /* StudentTableViewController.swift in Sources */,
				2BA31ECB209A582B00B2CC87 /* ViewController.swift in Sources */,
				2BA31ED1209A582B00B2CC87 /* Netweek.xcdatamodeld in Sources */,
				4CF83DC1209B9DE400D8FE1E /* StudentOptionsTableViewController.swift in Sources */,
				2B0F5BC5209BD2EC00154317 /* Student.swift in Sources */,
				2BA31EC9209A582B00B2CC87 /* AppDelegate.swift in Sources */,
				4CF83DB9209B9D9200D8FE1E /* BuildingTableViewController.swift in Sources */,
				4CF83DBB209B9DA200D8FE1E /* FloorTableViewController.swift in Sources */,
				2B0F5BC3209BD2E200154317 /* Room.swift in Sources */,
			);
			runOnlyForDeploymentPostprocessing = 0;
		};
		2BA31ED8209A582B00B2CC87 /* Sources */ = {
			isa = PBXSourcesBuildPhase;
			buildActionMask = 2147483647;
			files = (
				2BA31EE1209A582C00B2CC87 /* NetweekTests.swift in Sources */,
			);
			runOnlyForDeploymentPostprocessing = 0;
		};
		2BA31EE3209A582C00B2CC87 /* Sources */ = {
			isa = PBXSourcesBuildPhase;
			buildActionMask = 2147483647;
			files = (
				2BA31EEC209A582C00B2CC87 /* NetweekUITests.swift in Sources */,
			);
			runOnlyForDeploymentPostprocessing = 0;
		};
/* End PBXSourcesBuildPhase section */

/* Begin PBXTargetDependency section */
		2BA31EDE209A582B00B2CC87 /* PBXTargetDependency */ = {
			isa = PBXTargetDependency;
			target = 2BA31EC4209A582B00B2CC87 /* Netweek */;
			targetProxy = 2BA31EDD209A582B00B2CC87 /* PBXContainerItemProxy */;
		};
		2BA31EE9209A582C00B2CC87 /* PBXTargetDependency */ = {
			isa = PBXTargetDependency;
			target = 2BA31EC4209A582B00B2CC87 /* Netweek */;
			targetProxy = 2BA31EE8209A582C00B2CC87 /* PBXContainerItemProxy */;
		};
/* End PBXTargetDependency section */

/* Begin PBXVariantGroup section */
		2BA31ECC209A582B00B2CC87 /* Main.storyboard */ = {
			isa = PBXVariantGroup;
			children = (
				2BA31ECD209A582B00B2CC87 /* Base */,
			);
			name = Main.storyboard;
			sourceTree = "<group>";
		};
		2BA31ED4209A582B00B2CC87 /* LaunchScreen.storyboard */ = {
			isa = PBXVariantGroup;
			children = (
				2BA31ED5209A582B00B2CC87 /* Base */,
			);
			name = LaunchScreen.storyboard;
			sourceTree = "<group>";
		};
/* End PBXVariantGroup section */

/* Begin XCBuildConfiguration section */
		2BA31EEE209A582C00B2CC87 /* Debug */ = {
			isa = XCBuildConfiguration;
			buildSettings = {
				ALWAYS_SEARCH_USER_PATHS = NO;
				CLANG_ANALYZER_NONNULL = YES;
				CLANG_ANALYZER_NUMBER_OBJECT_CONVERSION = YES_AGGRESSIVE;
				CLANG_CXX_LANGUAGE_STANDARD = "gnu++14";
				CLANG_CXX_LIBRARY = "libc++";
				CLANG_ENABLE_MODULES = YES;
				CLANG_ENABLE_OBJC_ARC = YES;
				CLANG_WARN_BLOCK_CAPTURE_AUTORELEASING = YES;
				CLANG_WARN_BOOL_CONVERSION = YES;
				CLANG_WARN_COMMA = YES;
				CLANG_WARN_CONSTANT_CONVERSION = YES;
				CLANG_WARN_DIRECT_OBJC_ISA_USAGE = YES_ERROR;
				CLANG_WARN_DOCUMENTATION_COMMENTS = YES;
				CLANG_WARN_EMPTY_BODY = YES;
				CLANG_WARN_ENUM_CONVERSION = YES;
				CLANG_WARN_INFINITE_RECURSION = YES;
				CLANG_WARN_INT_CONVERSION = YES;
				CLANG_WARN_NON_LITERAL_NULL_CONVERSION = YES;
				CLANG_WARN_OBJC_LITERAL_CONVERSION = YES;
				CLANG_WARN_OBJC_ROOT_CLASS = YES_ERROR;
				CLANG_WARN_RANGE_LOOP_ANALYSIS = YES;
				CLANG_WARN_STRICT_PROTOTYPES = YES;
				CLANG_WARN_SUSPICIOUS_MOVE = YES;
				CLANG_WARN_UNGUARDED_AVAILABILITY = YES_AGGRESSIVE;
				CLANG_WARN_UNREACHABLE_CODE = YES;
				CLANG_WARN__DUPLICATE_METHOD_MATCH = YES;
				CODE_SIGN_IDENTITY = "iPhone Developer";
				COPY_PHASE_STRIP = NO;
				DEBUG_INFORMATION_FORMAT = dwarf;
				ENABLE_STRICT_OBJC_MSGSEND = YES;
				ENABLE_TESTABILITY = YES;
				GCC_C_LANGUAGE_STANDARD = gnu11;
				GCC_DYNAMIC_NO_PIC = NO;
				GCC_NO_COMMON_BLOCKS = YES;
				GCC_OPTIMIZATION_LEVEL = 0;
				GCC_PREPROCESSOR_DEFINITIONS = (
					"DEBUG=1",
					"$(inherited)",
				);
				GCC_WARN_64_TO_32_BIT_CONVERSION = YES;
				GCC_WARN_ABOUT_RETURN_TYPE = YES_ERROR;
				GCC_WARN_UNDECLARED_SELECTOR = YES;
				GCC_WARN_UNINITIALIZED_AUTOS = YES_AGGRESSIVE;
				GCC_WARN_UNUSED_FUNCTION = YES;
				GCC_WARN_UNUSED_VARIABLE = YES;
				IPHONEOS_DEPLOYMENT_TARGET = 11.2;
				MTL_ENABLE_DEBUG_INFO = YES;
				ONLY_ACTIVE_ARCH = YES;
				SDKROOT = iphoneos;
				SWIFT_ACTIVE_COMPILATION_CONDITIONS = DEBUG;
				SWIFT_OPTIMIZATION_LEVEL = "-Onone";
			};
			name = Debug;
		};
		2BA31EEF209A582C00B2CC87 /* Release */ = {
			isa = XCBuildConfiguration;
			buildSettings = {
				ALWAYS_SEARCH_USER_PATHS = NO;
				CLANG_ANALYZER_NONNULL = YES;
				CLANG_ANALYZER_NUMBER_OBJECT_CONVERSION = YES_AGGRESSIVE;
				CLANG_CXX_LANGUAGE_STANDARD = "gnu++14";
				CLANG_CXX_LIBRARY = "libc++";
				CLANG_ENABLE_MODULES = YES;
				CLANG_ENABLE_OBJC_ARC = YES;
				CLANG_WARN_BLOCK_CAPTURE_AUTORELEASING = YES;
				CLANG_WARN_BOOL_CONVERSION = YES;
				CLANG_WARN_COMMA = YES;
				CLANG_WARN_CONSTANT_CONVERSION = YES;
				CLANG_WARN_DIRECT_OBJC_ISA_USAGE = YES_ERROR;
				CLANG_WARN_DOCUMENTATION_COMMENTS = YES;
				CLANG_WARN_EMPTY_BODY = YES;
				CLANG_WARN_ENUM_CONVERSION = YES;
				CLANG_WARN_INFINITE_RECURSION = YES;
				CLANG_WARN_INT_CONVERSION = YES;
				CLANG_WARN_NON_LITERAL_NULL_CONVERSION = YES;
				CLANG_WARN_OBJC_LITERAL_CONVERSION = YES;
				CLANG_WARN_OBJC_ROOT_CLASS = YES_ERROR;
				CLANG_WARN_RANGE_LOOP_ANALYSIS = YES;
				CLANG_WARN_STRICT_PROTOTYPES = YES;
				CLANG_WARN_SUSPICIOUS_MOVE = YES;
				CLANG_WARN_UNGUARDED_AVAILABILITY = YES_AGGRESSIVE;
				CLANG_WARN_UNREACHABLE_CODE = YES;
				CLANG_WARN__DUPLICATE_METHOD_MATCH = YES;
				CODE_SIGN_IDENTITY = "iPhone Developer";
				COPY_PHASE_STRIP = NO;
				DEBUG_INFORMATION_FORMAT = "dwarf-with-dsym";
				ENABLE_NS_ASSERTIONS = NO;
				ENABLE_STRICT_OBJC_MSGSEND = YES;
				GCC_C_LANGUAGE_STANDARD = gnu11;
				GCC_NO_COMMON_BLOCKS = YES;
				GCC_WARN_64_TO_32_BIT_CONVERSION = YES;
				GCC_WARN_ABOUT_RETURN_TYPE = YES_ERROR;
				GCC_WARN_UNDECLARED_SELECTOR = YES;
				GCC_WARN_UNINITIALIZED_AUTOS = YES_AGGRESSIVE;
				GCC_WARN_UNUSED_FUNCTION = YES;
				GCC_WARN_UNUSED_VARIABLE = YES;
				IPHONEOS_DEPLOYMENT_TARGET = 11.2;
				MTL_ENABLE_DEBUG_INFO = NO;
				SDKROOT = iphoneos;
				SWIFT_OPTIMIZATION_LEVEL = "-Owholemodule";
				VALIDATE_PRODUCT = YES;
			};
			name = Release;
		};
		2BA31EF1209A582C00B2CC87 /* Debug */ = {
			isa = XCBuildConfiguration;
			baseConfigurationReference = B15806618C6880C386EACAB9 /* Pods-Netweek.debug.xcconfig */;
			buildSettings = {
				ASSETCATALOG_COMPILER_APPICON_NAME = AppIcon;
				CODE_SIGN_STYLE = Automatic;
				DEVELOPMENT_TEAM = 3CLQVKMB87;
				INFOPLIST_FILE = Netweek/Info.plist;
				LD_RUNPATH_SEARCH_PATHS = "$(inherited) @executable_path/Frameworks";
				PRODUCT_BUNDLE_IDENTIFIER = edu.sandiego.comp495.Netweek;
				PRODUCT_NAME = "$(TARGET_NAME)";
				SWIFT_VERSION = 4.0;
				TARGETED_DEVICE_FAMILY = "1,2";
			};
			name = Debug;
		};
		2BA31EF2209A582C00B2CC87 /* Release */ = {
			isa = XCBuildConfiguration;
			baseConfigurationReference = DAE6C223758502B006AD5540 /* Pods-Netweek.release.xcconfig */;
			buildSettings = {
				ASSETCATALOG_COMPILER_APPICON_NAME = AppIcon;
				CODE_SIGN_STYLE = Automatic;
				DEVELOPMENT_TEAM = 3CLQVKMB87;
				INFOPLIST_FILE = Netweek/Info.plist;
				LD_RUNPATH_SEARCH_PATHS = "$(inherited) @executable_path/Frameworks";
				PRODUCT_BUNDLE_IDENTIFIER = edu.sandiego.comp495.Netweek;
				PRODUCT_NAME = "$(TARGET_NAME)";
				SWIFT_VERSION = 4.0;
				TARGETED_DEVICE_FAMILY = "1,2";
			};
			name = Release;
		};
		2BA31EF4209A582C00B2CC87 /* Debug */ = {
			isa = XCBuildConfiguration;
			baseConfigurationReference = 39F1506982D79519990B0D2D /* Pods-NetweekTests.debug.xcconfig */;
			buildSettings = {
				ALWAYS_EMBED_SWIFT_STANDARD_LIBRARIES = YES;
				BUNDLE_LOADER = "$(TEST_HOST)";
				CODE_SIGN_STYLE = Automatic;
				DEVELOPMENT_TEAM = 3CLQVKMB87;
				INFOPLIST_FILE = NetweekTests/Info.plist;
				LD_RUNPATH_SEARCH_PATHS = "$(inherited) @executable_path/Frameworks @loader_path/Frameworks";
				PRODUCT_BUNDLE_IDENTIFIER = edu.sandiego.comp495.NetweekTests;
				PRODUCT_NAME = "$(TARGET_NAME)";
				SWIFT_VERSION = 4.0;
				TARGETED_DEVICE_FAMILY = "1,2";
				TEST_HOST = "$(BUILT_PRODUCTS_DIR)/Netweek.app/Netweek";
			};
			name = Debug;
		};
		2BA31EF5209A582C00B2CC87 /* Release */ = {
			isa = XCBuildConfiguration;
			baseConfigurationReference = 49F403CAB193149C08CEE1E5 /* Pods-NetweekTests.release.xcconfig */;
			buildSettings = {
				ALWAYS_EMBED_SWIFT_STANDARD_LIBRARIES = YES;
				BUNDLE_LOADER = "$(TEST_HOST)";
				CODE_SIGN_STYLE = Automatic;
				DEVELOPMENT_TEAM = 3CLQVKMB87;
				INFOPLIST_FILE = NetweekTests/Info.plist;
				LD_RUNPATH_SEARCH_PATHS = "$(inherited) @executable_path/Frameworks @loader_path/Frameworks";
				PRODUCT_BUNDLE_IDENTIFIER = edu.sandiego.comp495.NetweekTests;
				PRODUCT_NAME = "$(TARGET_NAME)";
				SWIFT_VERSION = 4.0;
				TARGETED_DEVICE_FAMILY = "1,2";
				TEST_HOST = "$(BUILT_PRODUCTS_DIR)/Netweek.app/Netweek";
			};
			name = Release;
		};
		2BA31EF7209A582C00B2CC87 /* Debug */ = {
			isa = XCBuildConfiguration;
			baseConfigurationReference = 285047BE95480DFD90AD2CCD /* Pods-NetweekUITests.debug.xcconfig */;
			buildSettings = {
				ALWAYS_EMBED_SWIFT_STANDARD_LIBRARIES = YES;
				CODE_SIGN_STYLE = Automatic;
				DEVELOPMENT_TEAM = 3CLQVKMB87;
				INFOPLIST_FILE = NetweekUITests/Info.plist;
				LD_RUNPATH_SEARCH_PATHS = "$(inherited) @executable_path/Frameworks @loader_path/Frameworks";
				PRODUCT_BUNDLE_IDENTIFIER = edu.sandiego.comp495.NetweekUITests;
				PRODUCT_NAME = "$(TARGET_NAME)";
				SWIFT_VERSION = 4.0;
				TARGETED_DEVICE_FAMILY = "1,2";
				TEST_TARGET_NAME = Netweek;
			};
			name = Debug;
		};
		2BA31EF8209A582C00B2CC87 /* Release */ = {
			isa = XCBuildConfiguration;
			baseConfigurationReference = 7071F3C6441751F34B66BD96 /* Pods-NetweekUITests.release.xcconfig */;
			buildSettings = {
				ALWAYS_EMBED_SWIFT_STANDARD_LIBRARIES = YES;
				CODE_SIGN_STYLE = Automatic;
				DEVELOPMENT_TEAM = 3CLQVKMB87;
				INFOPLIST_FILE = NetweekUITests/Info.plist;
				LD_RUNPATH_SEARCH_PATHS = "$(inherited) @executable_path/Frameworks @loader_path/Frameworks";
				PRODUCT_BUNDLE_IDENTIFIER = edu.sandiego.comp495.NetweekUITests;
				PRODUCT_NAME = "$(TARGET_NAME)";
				SWIFT_VERSION = 4.0;
				TARGETED_DEVICE_FAMILY = "1,2";
				TEST_TARGET_NAME = Netweek;
			};
			name = Release;
		};
/* End XCBuildConfiguration section */

/* Begin XCConfigurationList section */
		2BA31EC0209A582B00B2CC87 /* Build configuration list for PBXProject "Netweek" */ = {
			isa = XCConfigurationList;
			buildConfigurations = (
				2BA31EEE209A582C00B2CC87 /* Debug */,
				2BA31EEF209A582C00B2CC87 /* Release */,
			);
			defaultConfigurationIsVisible = 0;
			defaultConfigurationName = Release;
		};
		2BA31EF0209A582C00B2CC87 /* Build configuration list for PBXNativeTarget "Netweek" */ = {
			isa = XCConfigurationList;
			buildConfigurations = (
				2BA31EF1209A582C00B2CC87 /* Debug */,
				2BA31EF2209A582C00B2CC87 /* Release */,
			);
			defaultConfigurationIsVisible = 0;
			defaultConfigurationName = Release;
		};
		2BA31EF3209A582C00B2CC87 /* Build configuration list for PBXNativeTarget "NetweekTests" */ = {
			isa = XCConfigurationList;
			buildConfigurations = (
				2BA31EF4209A582C00B2CC87 /* Debug */,
				2BA31EF5209A582C00B2CC87 /* Release */,
			);
			defaultConfigurationIsVisible = 0;
			defaultConfigurationName = Release;
		};
		2BA31EF6209A582C00B2CC87 /* Build configuration list for PBXNativeTarget "NetweekUITests" */ = {
			isa = XCConfigurationList;
			buildConfigurations = (
				2BA31EF7209A582C00B2CC87 /* Debug */,
				2BA31EF8209A582C00B2CC87 /* Release */,
			);
			defaultConfigurationIsVisible = 0;
			defaultConfigurationName = Release;
		};
/* End XCConfigurationList section */

/* Begin XCVersionGroup section */
		2BA31ECF209A582B00B2CC87 /* Netweek.xcdatamodeld */ = {
			isa = XCVersionGroup;
			children = (
				2BA31ED0209A582B00B2CC87 /* Netweek.xcdatamodel */,
			);
			currentVersion = 2BA31ED0209A582B00B2CC87 /* Netweek.xcdatamodel */;
			path = Netweek.xcdatamodeld;
			sourceTree = "<group>";
			versionGroupType = wrapper.xcdatamodel;
		};
/* End XCVersionGroup section */
	};
	rootObject = 2BA31EBD209A582B00B2CC87 /* Project object */;
}
